hash: 41e16418929a9cc051b538ecbfae40392f08c41b4bff27364ac4e57a92a8d56b
updated: 2017-05-24T15:05:28.450494079-05:00
imports:
- name: github.com/anmitsu/go-shlex
  version: 648efa622239a2f6ff949fed78ee37b48d499ba4
- name: github.com/aws/aws-sdk-go
  version: e8177d9867544fa4677f40ceb470e60b6f3573ae
  subpackages:
  - aws
  - aws/awserr
  - aws/awsutil
  - aws/client
  - aws/client/metadata
  - aws/corehandlers
  - aws/credentials
  - aws/credentials/ec2rolecreds
  - aws/credentials/endpointcreds
  - aws/credentials/stscreds
  - aws/defaults
  - aws/ec2metadata
  - aws/endpoints
  - aws/request
  - aws/session
  - aws/signer/v4
  - private/protocol
  - private/protocol/json/jsonutil
  - private/protocol/jsonrpc
  - private/protocol/query
  - private/protocol/query/queryutil
  - private/protocol/rest
  - private/protocol/xml/xmlutil
  - service/dynamodb
  - service/dynamodb/dynamodbattribute
  - service/sts
- name: github.com/cenkalti/backoff
  version: 5d150e7eec023ce7a124856b37c68e54b4050ac7
- name: github.com/certifi/gocertifi
  version: a9c833d2837d3b16888d55d5aafa9ffe9afb22b0
- name: github.com/docker/distribution
  version: b38e5838b7b2f2ad48e06ec4b500011976080621
  subpackages:
  - digestset
  - reference
- name: github.com/docker/docker
  version: 3a1279393faf78632bf169619d407e584da84b66
  subpackages:
  - api/types
  - api/types/blkiodev
  - api/types/container
  - api/types/events
  - api/types/filters
  - api/types/image
  - api/types/mount
  - api/types/network
  - api/types/registry
  - api/types/strslice
  - api/types/swarm
  - api/types/time
  - api/types/versions
  - api/types/volume
  - client
  - pkg/stdcopy
  - pkg/tlsconfig
- name: github.com/docker/go-connections
  version: e15c02316c12de00874640cd76311849de2aeed5
  subpackages:
  - nat
  - sockets
  - tlsconfig
- name: github.com/docker/go-units
  version: 0dadbb0345b35ec7ef35e228dabb8de89a65bf52
- name: github.com/facebookgo/clock
  version: 600d898af40aa09a7a93ecb9265d87b0504b6f03
- name: github.com/facebookgo/httpdown
  version: a3b1354551a26449fbe05f5d855937f6e7acbd71
- name: github.com/facebookgo/limitgroup
  version: 6abd8d71ec01451d7f1929eacaa263bbe2935d05
- name: github.com/facebookgo/muster
  version: fd3d7953fd52354a74b9f6b3d70d0c9650c4ec2a
- name: github.com/facebookgo/stats
  version: 1b76add642e42c6ffba7211ad7b3939ce654526e
- name: github.com/fsnotify/fsnotify
  version: 4da3e2cfbabc9f751898f250b49f2439785783a1
- name: github.com/getsentry/raven-go
  version: 5c07ee42021d8df0718f06bc7ea6b17123a44f9c
- name: github.com/gliderlabs/comlab
  version: 74658b93b58feb38af020cfcd13caf5bab03befb
  subpackages:
  - lib/daemon
  - pkg/com
  - pkg/com/viper
  - pkg/events
  - pkg/log
- name: github.com/gliderlabs/gosper
  version: 74658b93b58feb38af020cfcd13caf5bab03befb
  subpackages:
  - lib/daemon
  - pkg/com
  - pkg/log
- name: github.com/gliderlabs/ssh
  version: bf3073636e5b2255b85a09640b2003b01ab4a070
- name: github.com/go-ini/ini
  version: afbc45e87f3ba324c532d12c71918ef52e0fb194
- name: github.com/golang/mock
  version: bd3c8e81be01eef76d4b503f5e687d2d1354d2d9
  subpackages:
  - gomock
- name: github.com/golang/protobuf
  version: 7a211bcf3bce0e3f1d74f9894916e6f116ae83b4
  subpackages:
  - proto
- name: github.com/google/go-github
  version: ebfec748347a9af6793c723f8859afcd906860fb
  subpackages:
  - github
- name: github.com/google/go-querystring
  version: 53e6ce116135b80d037921a7fdd5138cf32d7a8a
  subpackages:
  - query
- name: github.com/gorilla/context
  version: 08b5f424b9271eedf6f9f0ce86cb9396ed337a42
- name: github.com/gorilla/securecookie
  version: e59506cc896acb7f7bf732d4fdf5e25f7ccd8983
- name: github.com/gorilla/sessions
  version: 8b6b4cd75f07f7ee036eb37b8127bd40ab1efc49
- name: github.com/gorilla/websocket
  version: a91eba7f97777409bc2c443f5534d41dd20c5720
- name: github.com/goware/emailx
  version: 8d8152488187485a81764618de67ec1c61ffe55e
- name: github.com/gregjones/httpcache
  version: 0d2297f241a3503b4d464cd434e6d1490ec76e9a
- name: github.com/guregu/dynamo
  version: fe5a473f84183957b457029329684928d20384c9
  repo: https://github.com/mattaitchison/dynamo.git
  subpackages:
  - internal/exprs
- name: github.com/hashicorp/hcl
  version: 392dba7d905ed5d04a5794ba89f558b27e2ba1ca
  subpackages:
  - hcl/ast
  - hcl/parser
  - hcl/scanner
  - hcl/strconv
  - hcl/token
  - json/parser
  - json/scanner
  - json/token
- name: github.com/honeycombio/libhoney-go
  version: a8716c5861ae19c1e2baaad52dd59ba64b902bde
- name: github.com/inconshreveable/mousetrap
  version: 76626ae9c91c4f2a10f34cad8ce83ea42c93bb75
- name: github.com/inconshreveable/muxado
  version: fc182d90f26ea93f36ef05b643c7f4ea604c370b
  subpackages:
  - frame
- name: github.com/jmespath/go-jmespath
  version: bd40a432e4c76585ef6b72d3fd96fb9b6dc7b68d
- name: github.com/kardianos/osext
  version: ae77be60afb1dcacde03767a8c37337fad28ac14
- name: github.com/leekchan/accounting
  version: a35854c075934d6aa1a6c1ab3ea8a82ee0dc1a93
- name: github.com/magiconair/properties
  version: 51463bfca2576e06c62a8504b5c0f06d61312647
- name: github.com/maruel/panicparse
  version: ae43f192cef2add653fe1481a3070ed00a4a6981
  subpackages:
  - stack
- name: github.com/mattn/go-colorable
  version: ded68f7a9561c023e790de24279db7ebf473ea80
- name: github.com/mattn/go-isatty
  version: fc9e8d8ef48496124e79ae0df75490096eccf6fe
- name: github.com/mgutz/ansi
  version: 9520e82c474b0a04dd04f8a40959027271bab992
- name: github.com/Microsoft/go-winio
  version: f533f7a102197536779ea3a8cb881d639e21ec5a
- name: github.com/mitchellh/mapstructure
  version: d0303fe809921458f417bcf828397a65db30a7e4
- name: github.com/mitchellh/panicwrap
  version: fce601fe55579125e1b3cb0b992287e7290f7b83
- name: github.com/nlopes/slack
  version: 72d15a0fc0b773a59c00f78b9e7d97eeb8c4281f
- name: github.com/opencontainers/go-digest
  version: eaa60544f31ccf3b0653b1a118b76d33418ff41b
- name: github.com/patrickmn/go-cache
  version: 7ac151875ffb48b9f3ccce9ea20f020b0c1596c8
- name: github.com/pborman/uuid
  version: 1b00554d822231195d1babd97ff4a781231955c9
- name: github.com/pelletier/go-buffruneio
  version: c37440a7cf42ac63b919c752ca73a85067e05992
- name: github.com/pelletier/go-toml
  version: 5c26a6ff6fd178719e15decac1c8196da0d7d6d1
- name: github.com/pkg/errors
  version: c605e284fe17294bda444b34710735b29d1a9d90
- name: github.com/pmylund/go-cache
  version: 7ac151875ffb48b9f3ccce9ea20f020b0c1596c8
- name: github.com/satori/go.uuid
  version: 5bf94b69c6b68ee1b541973bb8e1144db23a194b
- name: github.com/Sirupsen/logrus
  version: 5e5dc898656f695e2a086b8e12559febbfc01562
- name: github.com/spf13/afero
  version: 9be650865eab0c12963d8753212f4f9c66cdcf12
  subpackages:
  - mem
- name: github.com/spf13/cast
  version: acbeb36b902d72a7a4c18e8f3241075e7ab763e4
- name: github.com/spf13/cobra
  version: ca57f0f5dba473a8a58765d16d7e811fb8027add
- name: github.com/spf13/jwalterweatherman
  version: 0efa5202c04663c757d84f90f5219c1250baf94f
- name: github.com/spf13/pflag
  version: e57e3eeb33f795204c1ca35f56c44f83227c6e66
- name: github.com/spf13/viper
  version: 0967fc9aceab2ce9da34061253ac10fb99bba5b2
- name: github.com/stripe/stripe-go
  version: b4624161e25b0d4d6b153f13bf5f9090cf3ec4b8
  subpackages:
  - account
  - balance
  - bankaccount
  - bitcoinreceiver
  - bitcointransaction
  - card
  - charge
  - client
  - countryspec
  - coupon
  - customer
  - discount
  - dispute
  - event
  - fee
  - feerefund
  - fileupload
  - invoice
  - invoiceitem
  - order
  - orderitem
  - orderreturn
  - paymentsource
  - payout
  - plan
  - product
  - recipient
  - refund
  - reversal
  - sku
  - source
  - sub
  - subitem
  - token
  - transfer
- name: github.com/thejerf/suture
  version: 0ac47afae95ad5bc5184ed346bc945168e883f5d
- name: golang.org/x/crypto
  version: 7e9105388ebff089b3f99f0ef676ea55a6da3a7e
  subpackages:
  - curve25519
  - ed25519
  - ed25519/internal/edwards25519
  - nacl/secretbox
  - poly1305
  - salsa20/salsa
  - ssh
- name: golang.org/x/net
  version: 5b58a9c3e1690d33a592e5b791638e25eb9b3f70
  subpackages:
  - context
  - context/ctxhttp
  - proxy
  - websocket
- name: golang.org/x/oauth2
  version: f047394b6d14284165300fd82dad67edb3a4d7f6
  subpackages:
  - internal
- name: golang.org/x/sys
  version: a55a76086885b80f79961eacb876ebd8caf3868d
  subpackages:
  - unix
  - windows
- name: golang.org/x/text
  version: 19e51611da83d6be54ddafce4a4af510cb3e9ea4
  subpackages:
  - transform
  - unicode/norm
- name: google.golang.org/appengine
  version: a2f4131514e563cedfdb6e7d267df9ad48591e93
  subpackages:
  - internal
  - internal/app_identity
  - internal/base
  - internal/datastore
  - internal/log
  - internal/modules
  - internal/remote_api
  - internal/urlfetch
  - urlfetch
- name: gopkg.in/alexcesaro/statsd.v2
  version: 7fea3f0d2fab1ad973e641e51dba45443a311a90
- name: gopkg.in/mailgun/mailgun-go.v1
  version: a4002e2df2e8ca2da6a6fbb4a72871b504e49f50
- name: gopkg.in/yaml.v2
  version: cd8b52f8269e0feb286dfeef29f8fe4d5b397e0b
testImports:
- name: github.com/davecgh/go-spew
  version: 346938d642f2ec3594ed81d874461961cd0faa76
  subpackages:
  - spew
- name: github.com/pmezard/go-difflib
  version: 792786c7400a136282c1664665ae0a8db921c6c2
  subpackages:
  - difflib
- name: github.com/stretchr/testify
  version: 4d4bfba8f1d1027c4fdbe371823030df51419987
  subpackages:
  - assert
