hash: 7b63e0be54482b72479506ae326befbbf81aa34e1aea1f389058b1a14b38c598
updated: 2017-01-24T12:40:26.637728924-06:00
imports:
- name: github.com/anmitsu/go-shlex
  version: 648efa622239a2f6ff949fed78ee37b48d499ba4
- name: github.com/aws/aws-sdk-go
  version: 15bd33ce2edbdb46acdec779652ed39926682a9f
  subpackages:
  - aws
  - aws/awserr
  - aws/awsutil
  - aws/client
  - aws/client/metadata
  - aws/corehandlers
  - aws/credentials
  - aws/credentials/ec2rolecreds
  - aws/credentials/endpointcreds
  - aws/credentials/stscreds
  - aws/defaults
  - aws/ec2metadata
  - aws/endpoints
  - aws/request
  - aws/session
  - aws/signer/v4
  - private/protocol
  - private/protocol/json/jsonutil
  - private/protocol/jsonrpc
  - private/protocol/query
  - private/protocol/query/queryutil
  - private/protocol/rest
  - private/protocol/xml/xmlutil
  - private/waiter
  - service/dynamodb
  - service/dynamodb/dynamodbattribute
  - service/sts
- name: github.com/certifi/gocertifi
  version: a61bf5eafa3aee233ec8043e9da052447e5463dd
- name: github.com/docker/distribution
  version: c372264f17c47d91c7c614162bab6121edbb9c30
  subpackages:
  - digest
  - reference
- name: github.com/docker/docker
  version: 49bf474f9ed7ce7143a59d1964ff7b7fd9b52178
  subpackages:
  - api/types
  - api/types/blkiodev
  - api/types/container
  - api/types/events
  - api/types/filters
  - api/types/mount
  - api/types/network
  - api/types/reference
  - api/types/registry
  - api/types/strslice
  - api/types/swarm
  - api/types/time
  - api/types/versions
  - api/types/volume
  - client
  - pkg/stdcopy
  - pkg/tlsconfig
- name: github.com/docker/go-connections
  version: 988efe982fdecb46f01d53465878ff1f2ff411ce
  subpackages:
  - nat
  - sockets
  - tlsconfig
- name: github.com/docker/go-units
  version: f2145db703495b2e525c59662db69a7344b00bb8
- name: github.com/facebookgo/clock
  version: 600d898af40aa09a7a93ecb9265d87b0504b6f03
- name: github.com/facebookgo/httpdown
  version: a3b1354551a26449fbe05f5d855937f6e7acbd71
- name: github.com/facebookgo/limitgroup
  version: 6abd8d71ec01451d7f1929eacaa263bbe2935d05
- name: github.com/facebookgo/muster
  version: fd3d7953fd52354a74b9f6b3d70d0c9650c4ec2a
- name: github.com/facebookgo/stats
  version: 1b76add642e42c6ffba7211ad7b3939ce654526e
- name: github.com/fsnotify/fsnotify
  version: c07fd863aee264025aa0ef438bf9d2046c803493
- name: github.com/getsentry/raven-go
  version: 379f8d0a68ca237cf8893a1cdfd4f574125e2c51
- name: github.com/gliderlabs/gosper
  version: 36b9fe22ff96b616c58c1225ede487533c8f595c
  subpackages:
  - lib/daemon
  - pkg/com
  - pkg/com/viper
  - pkg/log
- name: github.com/gliderlabs/ssh
  version: dd02304d04da08bd215c3879af9af64d9685c3a7
- name: github.com/go-ini/ini
  version: 6e4869b434bd001f6983749881c7ead3545887d8
- name: github.com/golang/mock
  version: bd3c8e81be01eef76d4b503f5e687d2d1354d2d9
  subpackages:
  - gomock
- name: github.com/golang/protobuf
  version: 8d92cf5fc15a4382f8964b08e1f42a75c0591aa3
  subpackages:
  - proto
- name: github.com/google/go-github
  version: 1bc362c7737e51014af7299e016444b654095ad9
  subpackages:
  - github
- name: github.com/google/go-querystring
  version: 9235644dd9e52eeae6fa48efd539fdc351a0af53
  subpackages:
  - query
- name: github.com/gorilla/context
  version: 08b5f424b9271eedf6f9f0ce86cb9396ed337a42
- name: github.com/gorilla/securecookie
  version: fa5329f913702981df43dcb2a380bac429c810b5
- name: github.com/gorilla/sessions
  version: ca9ada44574153444b00d3fd9c8559e4cc95f896
- name: github.com/gregjones/httpcache
  version: 413781778738c08fdbb98e1dd65f5abffe8832d0
- name: github.com/hashicorp/hcl
  version: ef8133da8cda503718a74741312bf50821e6de79
  subpackages:
  - hcl/ast
  - hcl/parser
  - hcl/scanner
  - hcl/strconv
  - hcl/token
  - json/parser
  - json/scanner
  - json/token
- name: github.com/honeycombio/libhoney-go
  version: b05b08b71be49803f764f348925ecda730d72c9c
- name: github.com/inconshreveable/mousetrap
  version: 76626ae9c91c4f2a10f34cad8ce83ea42c93bb75
- name: github.com/jmespath/go-jmespath
  version: bd40a432e4c76585ef6b72d3fd96fb9b6dc7b68d
- name: github.com/kr/fs
  version: 2788f0dbd16903de03cb8186e5c7d97b69ad387b
- name: github.com/magiconair/properties
  version: 0723e352fa358f9322c938cc2dadda874e9151a9
- name: github.com/mgutz/ansi
  version: c286dcecd19ff979eeb73ea444e479b903f2cfcb
- name: github.com/Microsoft/go-winio
  version: ce2922f643c8fd76b46cadc7f404a06282678b34
- name: github.com/mitchellh/mapstructure
  version: 482a9fd5fa83e8c4e7817413b80f3eb8feec03ef
- name: github.com/opencontainers/runc
  version: 7be6edaa6000fc9ef448d5187861b379199349a2
  subpackages:
  - libcontainer/user
- name: github.com/pelletier/go-buffruneio
  version: df1e16fde7fc330a0ca68167c23bf7ed6ac31d6d
- name: github.com/pelletier/go-toml
  version: 45932ad32dfdd20826f5671da37a5f3ce9f26a8d
- name: github.com/pkg/errors
  version: 839d9e913e063e28dfd0e6c7b7512793e0a48be9
- name: github.com/pkg/sftp
  version: 4d0e916071f68db74f8a73926335f809396d6b42
- name: github.com/satori/go.uuid
  version: b061729afc07e77a8aa4fad0a2fd840958f1942a
- name: github.com/SermoDigital/jose
  version: b10f12c5188d355a3eacc61aba9abd3eb6b3b787
  subpackages:
  - crypto
  - jws
  - jwt
- name: github.com/Sirupsen/logrus
  version: 55eb11d21d2a31a3cc93838241d04800f52e823d
  subpackages:
  - formatters/logstash
- name: github.com/spf13/afero
  version: 52e4a6cfac46163658bd4f123c49b6ee7dc75f78
  subpackages:
  - mem
  - sftp
- name: github.com/spf13/cast
  version: 2580bc98dc0e62908119e4737030cc2fdfc45e4c
- name: github.com/spf13/cobra
  version: 9c28e4bbd74e5c3ed7aacbc552b2cab7cfdfe744
- name: github.com/spf13/jwalterweatherman
  version: 33c24e77fb80341fe7130ee7c594256ff08ccc46
- name: github.com/spf13/pflag
  version: c7e63cf4530bcd3ba943729cee0efeff2ebea63f
- name: github.com/spf13/viper
  version: 382f87b929b84ce13e9c8a375a4b217f224e6c65
- name: github.com/thejerf/suture
  version: fe1c0d795ff7a7e54fc54ef6afb36ee0adf0c276
- name: golang.org/x/crypto
  version: dc7f3af03ebbba4b0c90f8d95c682dba7d4c70f5
  subpackages:
  - curve25519
  - ed25519
  - ed25519/internal/edwards25519
  - ssh
- name: golang.org/x/net
  version: 4876518f9e71663000c348837735820161a42df7
  subpackages:
  - context
  - context/ctxhttp
  - proxy
- name: golang.org/x/oauth2
  version: 1e695b1c8febf17aad3bfa7bf0a819ef94b98ad5
  subpackages:
  - internal
- name: golang.org/x/sys
  version: 8f0908ab3b2457e2e15403d3697c9ef5cb4b57a9
  subpackages:
  - unix
  - windows
- name: golang.org/x/text
  version: 098f51fb687dbaba1f6efabeafbb6461203f9e21
  subpackages:
  - transform
  - unicode/norm
- name: google.golang.org/appengine
  version: 12d5545dc1cfa6047a286d5e853841b6471f4c19
  subpackages:
  - internal
  - internal/base
  - internal/datastore
  - internal/log
  - internal/remote_api
  - internal/urlfetch
  - urlfetch
- name: gopkg.in/alexcesaro/statsd.v2
  version: 7fea3f0d2fab1ad973e641e51dba45443a311a90
- name: gopkg.in/yaml.v2
  version: bef53efd0c76e49e6de55ead051f886bea7e9420
testImports:
- name: github.com/davecgh/go-spew
  version: 04cdfd42973bb9c8589fd6a731800cf222fde1a9
  subpackages:
  - spew
- name: github.com/pmezard/go-difflib
  version: d8ed2627bdf02c080bf22230dbb337003b7aba2d
  subpackages:
  - difflib
- name: github.com/stretchr/testify
  version: 2402e8e7a02fc811447d11f881aa9746cdc57983
  subpackages:
  - assert
