hash: f08d1e3b2c6b211917b7fb0aaa34bafcb36b36d2db0126891c1435022727193f
updated: 2017-02-13T11:17:04.561396277-06:00
imports:
- name: github.com/anmitsu/go-shlex
  version: 648efa622239a2f6ff949fed78ee37b48d499ba4
- name: github.com/aws/aws-sdk-go
  version: f615b0905b52177eb0efa0fe59340c05c0ea0ed9
  subpackages:
  - aws
  - aws/awserr
  - aws/awsutil
  - aws/client
  - aws/client/metadata
  - aws/corehandlers
  - aws/credentials
  - aws/credentials/ec2rolecreds
  - aws/credentials/endpointcreds
  - aws/credentials/stscreds
  - aws/defaults
  - aws/ec2metadata
  - aws/endpoints
  - aws/request
  - aws/session
  - aws/signer/v4
  - private/protocol
  - private/protocol/json/jsonutil
  - private/protocol/jsonrpc
  - private/protocol/query
  - private/protocol/query/queryutil
  - private/protocol/rest
  - private/protocol/xml/xmlutil
  - private/waiter
  - service/dynamodb
  - service/dynamodb/dynamodbattribute
  - service/sts
- name: github.com/certifi/gocertifi
  version: a61bf5eafa3aee233ec8043e9da052447e5463dd
- name: github.com/docker/distribution
  version: c372264f17c47d91c7c614162bab6121edbb9c30
  subpackages:
  - digest
  - reference
- name: github.com/docker/docker
  version: 092cba3727bb9b4a2f0e922cd6c0f93ea270e363
  subpackages:
  - api/types
  - api/types/blkiodev
  - api/types/container
  - api/types/events
  - api/types/filters
  - api/types/mount
  - api/types/network
  - api/types/reference
  - api/types/registry
  - api/types/strslice
  - api/types/swarm
  - api/types/time
  - api/types/versions
  - api/types/volume
  - client
  - pkg/stdcopy
  - pkg/tlsconfig
- name: github.com/docker/go-connections
  version: 988efe982fdecb46f01d53465878ff1f2ff411ce
  subpackages:
  - nat
  - sockets
  - tlsconfig
- name: github.com/docker/go-units
  version: 5d2041e26a699eaca682e2ea41c8f891e1060444
- name: github.com/facebookgo/clock
  version: 600d898af40aa09a7a93ecb9265d87b0504b6f03
- name: github.com/facebookgo/httpdown
  version: a3b1354551a26449fbe05f5d855937f6e7acbd71
- name: github.com/facebookgo/limitgroup
  version: 6abd8d71ec01451d7f1929eacaa263bbe2935d05
- name: github.com/facebookgo/muster
  version: fd3d7953fd52354a74b9f6b3d70d0c9650c4ec2a
- name: github.com/facebookgo/stats
  version: 1b76add642e42c6ffba7211ad7b3939ce654526e
- name: github.com/fsnotify/fsnotify
  version: c07fd863aee264025aa0ef438bf9d2046c803493
- name: github.com/getsentry/raven-go
  version: 379f8d0a68ca237cf8893a1cdfd4f574125e2c51
- name: github.com/gliderlabs/comlab
  version: 827d180b97638a7f16458c6a4dd1c6e2b4a30f13
  subpackages:
  - lib/daemon
  - pkg/com
  - pkg/com/viper
  - pkg/log
- name: github.com/gliderlabs/gosper
  version: 36b9fe22ff96b616c58c1225ede487533c8f595c
  subpackages:
  - lib/daemon
  - pkg/com
  - pkg/log
- name: github.com/gliderlabs/ssh
  version: dd02304d04da08bd215c3879af9af64d9685c3a7
- name: github.com/go-ini/ini
  version: afbd495e5aaea13597b5e14fe514ddeaa4d76fc3
- name: github.com/golang/mock
  version: bd3c8e81be01eef76d4b503f5e687d2d1354d2d9
  subpackages:
  - gomock
- name: github.com/golang/protobuf
  version: 8d92cf5fc15a4382f8964b08e1f42a75c0591aa3
  subpackages:
  - proto
- name: github.com/google/go-github
  version: 1bc362c7737e51014af7299e016444b654095ad9
  subpackages:
  - github
- name: github.com/google/go-querystring
  version: 9235644dd9e52eeae6fa48efd539fdc351a0af53
  subpackages:
  - query
- name: github.com/gorilla/context
  version: 08b5f424b9271eedf6f9f0ce86cb9396ed337a42
- name: github.com/gorilla/securecookie
  version: fa5329f913702981df43dcb2a380bac429c810b5
- name: github.com/gorilla/sessions
  version: ca9ada44574153444b00d3fd9c8559e4cc95f896
- name: github.com/gorilla/websocket
  version: e8f0f8aaa98dfb6586cbdf2978d511e3199a960a
- name: github.com/goware/emailx
  version: 8d8152488187485a81764618de67ec1c61ffe55e
- name: github.com/gregjones/httpcache
  version: 413781778738c08fdbb98e1dd65f5abffe8832d0
- name: github.com/hashicorp/hcl
  version: ef8133da8cda503718a74741312bf50821e6de79
  subpackages:
  - hcl/ast
  - hcl/parser
  - hcl/scanner
  - hcl/strconv
  - hcl/token
  - json/parser
  - json/scanner
  - json/token
- name: github.com/honeycombio/libhoney-go
  version: b05b08b71be49803f764f348925ecda730d72c9c
- name: github.com/inconshreveable/mousetrap
  version: 76626ae9c91c4f2a10f34cad8ce83ea42c93bb75
- name: github.com/jmespath/go-jmespath
  version: c01cf91b011868172fdcd9f41838e80c9d716264
- name: github.com/kardianos/osext
  version: 9b883c5eb462dd5cb1b0a7a104fe86bc6b9bd391
- name: github.com/kr/fs
  version: 2788f0dbd16903de03cb8186e5c7d97b69ad387b
- name: github.com/leekchan/accounting
  version: a35854c075934d6aa1a6c1ab3ea8a82ee0dc1a93
- name: github.com/magiconair/properties
  version: 0723e352fa358f9322c938cc2dadda874e9151a9
- name: github.com/maruel/panicparse
  version: ad661195ed0e88491e0f14be6613304e3b1141d6
  subpackages:
  - stack
- name: github.com/mgutz/ansi
  version: c286dcecd19ff979eeb73ea444e479b903f2cfcb
- name: github.com/Microsoft/go-winio
  version: ce2922f643c8fd76b46cadc7f404a06282678b34
- name: github.com/mitchellh/mapstructure
  version: 482a9fd5fa83e8c4e7817413b80f3eb8feec03ef
- name: github.com/mitchellh/panicwrap
  version: fce601fe55579125e1b3cb0b992287e7290f7b83
- name: github.com/opencontainers/runc
  version: 629e35666d31f743090452416c8df207d9fdbd34
  subpackages:
  - libcontainer/user
- name: github.com/pelletier/go-buffruneio
  version: df1e16fde7fc330a0ca68167c23bf7ed6ac31d6d
- name: github.com/pelletier/go-toml
  version: 45932ad32dfdd20826f5671da37a5f3ce9f26a8d
- name: github.com/pkg/errors
  version: 839d9e913e063e28dfd0e6c7b7512793e0a48be9
- name: github.com/pkg/sftp
  version: 4d0e916071f68db74f8a73926335f809396d6b42
- name: github.com/satori/go.uuid
  version: b061729afc07e77a8aa4fad0a2fd840958f1942a
- name: github.com/Sirupsen/logrus
  version: 55eb11d21d2a31a3cc93838241d04800f52e823d
  subpackages:
  - formatters/logstash
- name: github.com/spf13/afero
  version: 52e4a6cfac46163658bd4f123c49b6ee7dc75f78
  subpackages:
  - mem
  - sftp
- name: github.com/spf13/cast
  version: 2580bc98dc0e62908119e4737030cc2fdfc45e4c
- name: github.com/spf13/cobra
  version: 9c28e4bbd74e5c3ed7aacbc552b2cab7cfdfe744
- name: github.com/spf13/jwalterweatherman
  version: 33c24e77fb80341fe7130ee7c594256ff08ccc46
- name: github.com/spf13/pflag
  version: c7e63cf4530bcd3ba943729cee0efeff2ebea63f
- name: github.com/spf13/viper
  version: 382f87b929b84ce13e9c8a375a4b217f224e6c65
- name: github.com/stripe/stripe-go
  version: 214c65695d08dd54083b60d73c009fc9ff6dc117
  subpackages:
  - account
  - balance
  - bankaccount
  - bitcoinreceiver
  - bitcointransaction
  - card
  - charge
  - client
  - countryspec
  - coupon
  - customer
  - discount
  - dispute
  - event
  - fee
  - feerefund
  - fileupload
  - invoice
  - invoiceitem
  - order
  - orderitem
  - orderreturn
  - paymentsource
  - plan
  - product
  - recipient
  - refund
  - reversal
  - sku
  - source
  - sub
  - token
  - transfer
- name: github.com/thejerf/suture
  version: fe1c0d795ff7a7e54fc54ef6afb36ee0adf0c276
- name: golang.org/x/crypto
  version: 453249f01cfeb54c3d549ddb75ff152ca243f9d8
  subpackages:
  - curve25519
  - ed25519
  - ed25519/internal/edwards25519
  - ssh
- name: golang.org/x/net
  version: 4876518f9e71663000c348837735820161a42df7
  subpackages:
  - context
  - context/ctxhttp
  - proxy
- name: golang.org/x/oauth2
  version: 1e695b1c8febf17aad3bfa7bf0a819ef94b98ad5
  subpackages:
  - internal
- name: golang.org/x/sys
  version: 7a56174f0086b32866ebd746a794417edbc678a1
  subpackages:
  - unix
  - windows
- name: golang.org/x/text
  version: 098f51fb687dbaba1f6efabeafbb6461203f9e21
  subpackages:
  - transform
  - unicode/norm
- name: google.golang.org/appengine
  version: 12d5545dc1cfa6047a286d5e853841b6471f4c19
  subpackages:
  - internal
  - internal/base
  - internal/datastore
  - internal/log
  - internal/remote_api
  - internal/urlfetch
  - urlfetch
- name: gopkg.in/alexcesaro/statsd.v2
  version: 7fea3f0d2fab1ad973e641e51dba45443a311a90
- name: gopkg.in/mailgun/mailgun-go.v1
  version: a4002e2df2e8ca2da6a6fbb4a72871b504e49f50
- name: gopkg.in/yaml.v2
  version: bef53efd0c76e49e6de55ead051f886bea7e9420
testImports:
- name: github.com/davecgh/go-spew
  version: 04cdfd42973bb9c8589fd6a731800cf222fde1a9
  subpackages:
  - spew
- name: github.com/pmezard/go-difflib
  version: d8ed2627bdf02c080bf22230dbb337003b7aba2d
  subpackages:
  - difflib
- name: github.com/stretchr/testify
  version: 2402e8e7a02fc811447d11f881aa9746cdc57983
  subpackages:
  - assert
