# This file is autogenerated, do not edit; changes may be undone by the next 'dep ensure'.


[[projects]]
  name = "github.com/Microsoft/go-winio"
  packages = ["."]
  revision = "f533f7a102197536779ea3a8cb881d639e21ec5a"
  version = "v0.4.2"

[[projects]]
  name = "github.com/Sirupsen/logrus"
  packages = ["."]
  revision = "5e5dc898656f695e2a086b8e12559febbfc01562"

[[projects]]
  branch = "master"
  name = "github.com/anmitsu/go-shlex"
  packages = ["."]
  revision = "648efa622239a2f6ff949fed78ee37b48d499ba4"

[[projects]]
  name = "github.com/aws/aws-sdk-go"
  packages = ["aws","aws/awserr","aws/awsutil","aws/client","aws/client/metadata","aws/corehandlers","aws/credentials","aws/credentials/ec2rolecreds","aws/credentials/endpointcreds","aws/credentials/stscreds","aws/defaults","aws/ec2metadata","aws/endpoints","aws/request","aws/session","aws/signer/v4","private/protocol","private/protocol/json/jsonutil","private/protocol/jsonrpc","private/protocol/query","private/protocol/query/queryutil","private/protocol/rest","private/protocol/xml/xmlutil","service/dynamodb","service/dynamodb/dynamodbattribute","service/sts"]
  revision = "e8177d9867544fa4677f40ceb470e60b6f3573ae"
  version = "v1.8.29"

[[projects]]
  name = "github.com/cenkalti/backoff"
  packages = ["."]
  revision = "5d150e7eec023ce7a124856b37c68e54b4050ac7"

[[projects]]
  name = "github.com/certifi/gocertifi"
  packages = ["."]
  revision = "a9c833d2837d3b16888d55d5aafa9ffe9afb22b0"
  version = "2017.04.17"

[[projects]]
  name = "github.com/davecgh/go-spew"
  packages = ["spew"]
  revision = "346938d642f2ec3594ed81d874461961cd0faa76"
  version = "v1.1.0"

[[projects]]
  name = "github.com/docker/distribution"
  packages = ["digestset","reference"]
  revision = "b38e5838b7b2f2ad48e06ec4b500011976080621"

[[projects]]
  branch = "master"
  name = "github.com/docker/docker"
  packages = ["api","api/types","api/types/blkiodev","api/types/container","api/types/events","api/types/filters","api/types/image","api/types/mount","api/types/network","api/types/registry","api/types/strslice","api/types/swarm","api/types/time","api/types/versions","api/types/volume","client","pkg/ioutils","pkg/longpath","pkg/stdcopy","pkg/system","pkg/tlsconfig"]
  revision = "master"

[[projects]]
  name = "github.com/docker/go-connections"
  packages = ["nat","sockets","tlsconfig"]
  revision = "e15c02316c12de00874640cd76311849de2aeed5"

[[projects]]
  branch = "master"
  name = "github.com/docker/go-units"
  packages = ["."]
  revision = "0dadbb0345b35ec7ef35e228dabb8de89a65bf52"

[[projects]]
  branch = "master"
  name = "github.com/docker/libtrust"
  packages = ["."]
  revision = "aabc10ec26b754e797f9028f4589c5b7bd90dc20"

[[projects]]
  branch = "master"
  name = "github.com/facebookgo/clock"
  packages = ["."]
  revision = "600d898af40aa09a7a93ecb9265d87b0504b6f03"

[[projects]]
  branch = "master"
  name = "github.com/facebookgo/httpdown"
  packages = ["."]
  revision = "a3b1354551a26449fbe05f5d855937f6e7acbd71"

[[projects]]
  branch = "master"
  name = "github.com/facebookgo/limitgroup"
  packages = ["."]
  revision = "6abd8d71ec01451d7f1929eacaa263bbe2935d05"

[[projects]]
  branch = "master"
  name = "github.com/facebookgo/muster"
  packages = ["."]
  revision = "fd3d7953fd52354a74b9f6b3d70d0c9650c4ec2a"

[[projects]]
  branch = "master"
  name = "github.com/facebookgo/stats"
  packages = ["."]
  revision = "1b76add642e42c6ffba7211ad7b3939ce654526e"

[[projects]]
  branch = "master"
  name = "github.com/fsnotify/fsnotify"
  packages = ["."]
  revision = "4da3e2cfbabc9f751898f250b49f2439785783a1"

[[projects]]
  name = "github.com/getsentry/raven-go"
  packages = ["."]
  revision = "5c07ee42021d8df0718f06bc7ea6b17123a44f9c"

[[projects]]
  name = "github.com/gliderlabs/comlab"
  packages = ["pkg/com","pkg/com/viper","pkg/events","pkg/log"]
  revision = "74658b93b58feb38af020cfcd13caf5bab03befb"
  version = "v0.1.0"

[[projects]]
  branch = "master"
  name = "github.com/gliderlabs/ssh"
  packages = ["."]
  revision = "bf3073636e5b2255b85a09640b2003b01ab4a070"

[[projects]]
  name = "github.com/go-ini/ini"
  packages = ["."]
  revision = "afbc45e87f3ba324c532d12c71918ef52e0fb194"

[[projects]]
  name = "github.com/golang/mock"
  packages = ["gomock"]
  revision = "bd3c8e81be01eef76d4b503f5e687d2d1354d2d9"

[[projects]]
  name = "github.com/golang/protobuf"
  packages = ["proto"]
  revision = "7a211bcf3bce0e3f1d74f9894916e6f116ae83b4"

[[projects]]
  name = "github.com/google/go-github"
  packages = ["github"]
  revision = "ebfec748347a9af6793c723f8859afcd906860fb"

[[projects]]
  branch = "master"
  name = "github.com/google/go-querystring"
  packages = ["query"]
  revision = "53e6ce116135b80d037921a7fdd5138cf32d7a8a"

[[projects]]
  branch = "master"
  name = "github.com/gorilla/context"
  packages = ["."]
  revision = "08b5f424b9271eedf6f9f0ce86cb9396ed337a42"

[[projects]]
  branch = "master"
  name = "github.com/gorilla/securecookie"
  packages = ["."]
  revision = "e59506cc896acb7f7bf732d4fdf5e25f7ccd8983"

[[projects]]
  name = "github.com/gorilla/sessions"
  packages = ["."]
  revision = "8b6b4cd75f07f7ee036eb37b8127bd40ab1efc49"

[[projects]]
  name = "github.com/gorilla/websocket"
  packages = ["."]
  revision = "a91eba7f97777409bc2c443f5534d41dd20c5720"

[[projects]]
  name = "github.com/goware/emailx"
  packages = ["."]
  revision = "8d8152488187485a81764618de67ec1c61ffe55e"

[[projects]]
  name = "github.com/gregjones/httpcache"
  packages = ["."]
  revision = "0d2297f241a3503b4d464cd434e6d1490ec76e9a"

[[projects]]
  branch = "master"
  name = "github.com/guregu/dynamo"
  packages = [".","internal/exprs"]
  revision = "fe5a473f84183957b457029329684928d20384c9"
  source = "https://github.com/mattaitchison/dynamo.git"

[[projects]]
  branch = "master"
  name = "github.com/hashicorp/hcl"
  packages = [".","hcl/ast","hcl/parser","hcl/scanner","hcl/strconv","hcl/token","json/parser","json/scanner","json/token"]
  revision = "392dba7d905ed5d04a5794ba89f558b27e2ba1ca"

[[projects]]
  name = "github.com/honeycombio/libhoney-go"
  packages = ["."]
  revision = "a8716c5861ae19c1e2baaad52dd59ba64b902bde"
  version = "v1.3.2"

[[projects]]
  name = "github.com/inconshreveable/mousetrap"
  packages = ["."]
  revision = "76626ae9c91c4f2a10f34cad8ce83ea42c93bb75"
  version = "v1.0"

[[projects]]
  branch = "master"
  name = "github.com/inconshreveable/muxado"
  packages = [".","frame"]
  revision = "fc182d90f26ea93f36ef05b643c7f4ea604c370b"

[[projects]]
  branch = "master"
  name = "github.com/jmespath/go-jmespath"
  packages = ["."]
  revision = "bd40a432e4c76585ef6b72d3fd96fb9b6dc7b68d"

[[projects]]
  branch = "master"
  name = "github.com/kardianos/osext"
  packages = ["."]
  revision = "ae77be60afb1dcacde03767a8c37337fad28ac14"

[[projects]]
  name = "github.com/leekchan/accounting"
  packages = ["."]
  revision = "a35854c075934d6aa1a6c1ab3ea8a82ee0dc1a93"
  version = "v0.2"

[[projects]]
  name = "github.com/magiconair/properties"
  packages = ["."]
  revision = "51463bfca2576e06c62a8504b5c0f06d61312647"

[[projects]]
  name = "github.com/maruel/panicparse"
  packages = ["stack"]
  revision = "ae43f192cef2add653fe1481a3070ed00a4a6981"

[[projects]]
  name = "github.com/mattn/go-colorable"
  packages = ["."]
  revision = "ded68f7a9561c023e790de24279db7ebf473ea80"

[[projects]]
  name = "github.com/mattn/go-isatty"
  packages = ["."]
  revision = "fc9e8d8ef48496124e79ae0df75490096eccf6fe"
  version = "v0.0.2"

[[projects]]
  branch = "master"
  name = "github.com/mgutz/ansi"
  packages = ["."]
  revision = "9520e82c474b0a04dd04f8a40959027271bab992"

[[projects]]
  branch = "master"
  name = "github.com/mitchellh/mapstructure"
  packages = ["."]
  revision = "d0303fe809921458f417bcf828397a65db30a7e4"

[[projects]]
  branch = "master"
  name = "github.com/mitchellh/panicwrap"
  packages = ["."]
  revision = "fce601fe55579125e1b3cb0b992287e7290f7b83"

[[projects]]
  name = "github.com/nlopes/slack"
  packages = ["."]
  revision = "72d15a0fc0b773a59c00f78b9e7d97eeb8c4281f"

[[projects]]
  name = "github.com/opencontainers/go-digest"
  packages = ["."]
  revision = "eaa60544f31ccf3b0653b1a118b76d33418ff41b"

[[projects]]
  name = "github.com/patrickmn/go-cache"
  packages = ["."]
  revision = "7ac151875ffb48b9f3ccce9ea20f020b0c1596c8"

[[projects]]
  name = "github.com/pelletier/go-buffruneio"
  packages = ["."]
  revision = "c37440a7cf42ac63b919c752ca73a85067e05992"
  version = "v0.2.0"

[[projects]]
  name = "github.com/pelletier/go-toml"
  packages = ["."]
  revision = "5c26a6ff6fd178719e15decac1c8196da0d7d6d1"

[[projects]]
  branch = "master"
  name = "github.com/pkg/errors"
  packages = ["."]
  revision = "c605e284fe17294bda444b34710735b29d1a9d90"

[[projects]]
  name = "github.com/pmezard/go-difflib"
  packages = ["difflib"]
  revision = "792786c7400a136282c1664665ae0a8db921c6c2"
  version = "v1.0.0"

[[projects]]
  branch = "master"
  name = "github.com/satori/go.uuid"
  packages = ["."]
  revision = "5bf94b69c6b68ee1b541973bb8e1144db23a194b"

[[projects]]
  branch = "master"
  name = "github.com/spf13/afero"
  packages = [".","mem"]
  revision = "9be650865eab0c12963d8753212f4f9c66cdcf12"

[[projects]]
  name = "github.com/spf13/cast"
  packages = ["."]
  revision = "acbeb36b902d72a7a4c18e8f3241075e7ab763e4"
  version = "v1.1.0"

[[projects]]
  branch = "master"
  name = "github.com/spf13/cobra"
  packages = ["."]
  revision = "ca57f0f5dba473a8a58765d16d7e811fb8027add"

[[projects]]
  branch = "master"
  name = "github.com/spf13/jwalterweatherman"
  packages = ["."]
  revision = "0efa5202c04663c757d84f90f5219c1250baf94f"

[[projects]]
  name = "github.com/spf13/pflag"
  packages = ["."]
  revision = "e57e3eeb33f795204c1ca35f56c44f83227c6e66"
  version = "v1.0.0"

[[projects]]
  name = "github.com/spf13/viper"
  packages = ["."]
  revision = "0967fc9aceab2ce9da34061253ac10fb99bba5b2"

[[projects]]
  name = "github.com/stretchr/testify"
  packages = ["assert"]
  revision = "4d4bfba8f1d1027c4fdbe371823030df51419987"

[[projects]]
  name = "github.com/stripe/stripe-go"
  packages = [".","account","balance","bankaccount","bitcoinreceiver","bitcointransaction","card","charge","client","countryspec","coupon","customer","discount","dispute","event","fee","feerefund","fileupload","invoice","invoiceitem","order","orderitem","orderreturn","paymentsource","payout","plan","product","recipient","refund","reversal","sku","source","sub","subitem","token","transfer"]
  revision = "b4624161e25b0d4d6b153f13bf5f9090cf3ec4b8"
  version = "v19.17.0"

[[projects]]
  name = "github.com/thejerf/suture"
  packages = ["."]
  revision = "0ac47afae95ad5bc5184ed346bc945168e883f5d"
  version = "v2.0.1"

[[projects]]
  branch = "master"
  name = "golang.org/x/crypto"
  packages = ["curve25519","ed25519","ed25519/internal/edwards25519","nacl/secretbox","poly1305","salsa20/salsa","ssh"]
  revision = "7e9105388ebff089b3f99f0ef676ea55a6da3a7e"

[[projects]]
  name = "golang.org/x/net"
  packages = ["context","context/ctxhttp","proxy","websocket"]
  revision = "5b58a9c3e1690d33a592e5b791638e25eb9b3f70"

[[projects]]
  name = "golang.org/x/oauth2"
  packages = [".","internal"]
  revision = "f047394b6d14284165300fd82dad67edb3a4d7f6"

[[projects]]
  name = "golang.org/x/sys"
  packages = ["unix","windows"]
  revision = "a55a76086885b80f79961eacb876ebd8caf3868d"

[[projects]]
  name = "golang.org/x/text"
  packages = ["internal/gen","internal/triegen","internal/ucd","transform","unicode/cldr","unicode/norm"]
  revision = "19e51611da83d6be54ddafce4a4af510cb3e9ea4"

[[projects]]
  name = "google.golang.org/appengine"
  packages = [".","internal","internal/app_identity","internal/base","internal/datastore","internal/log","internal/modules","internal/remote_api","internal/urlfetch","urlfetch"]
  revision = "a2f4131514e563cedfdb6e7d267df9ad48591e93"

[[projects]]
  name = "gopkg.in/alexcesaro/statsd.v2"
  packages = ["."]
  revision = "7fea3f0d2fab1ad973e641e51dba45443a311a90"
  version = "v2.0.0"

[[projects]]
  name = "gopkg.in/mailgun/mailgun-go.v1"
  packages = ["."]
  revision = "a4002e2df2e8ca2da6a6fbb4a72871b504e49f50"
  version = "v1.1.0"

[[projects]]
  name = "gopkg.in/yaml.v2"
  packages = ["."]
  revision = "cd8b52f8269e0feb286dfeef29f8fe4d5b397e0b"

[solve-meta]
  analyzer-name = "dep"
  analyzer-version = 1
  inputs-digest = "ece9bae5b2caa9e572c869a78fa0da05ed714dde1096abfc20a9490e692e04bf"
  solver-name = "gps-cdcl"
  solver-version = 1
